
Microsoft Visual Studio Solution File, Format Version 12.00
# Visual Studio Version 17
VisualStudioVersion = 17.5.33424.131
MinimumVisualStudioVersion = 10.0.40219.1
Project("{FAE04EC0-301F-11D3-BF4B-00C04F79EFBC}") = "calculo-kcal", "calculo-kcal\calculo-kcal.csproj", "{935770CD-D42E-41A0-B012-0B3A46B94F84}"
EndProject
Global
	GlobalSection(SolutionConfigurationPlatforms) = preSolution
		Debug|Any CPU = Debug|Any CPU
		Release|Any CPU = Release|Any CPU
	EndGlobalSection
	GlobalSection(ProjectConfigurationPlatforms) = postSolution
		{935770CD-D42E-41A0-B012-0B3A46B94F84}.Debug|Any CPU.ActiveCfg = Debug|Any CPU
		{935770CD-D42E-41A0-B012-0B3A46B94F84}.Debug|Any CPU.Build.0 = Debug|Any CPU
		{935770CD-D42E-41A0-B012-0B3A46B94F84}.Release|Any CPU.ActiveCfg = Release|Any CPU
		{935770CD-D42E-41A0-B012-0B3A46B94F84}.Release|Any CPU.Build.0 = Release|Any CPU
	EndGlobalSection
	GlobalSection(SolutionProperties) = preSolution
		HideSolutionNode = FALSE
	EndGlobalSection
	GlobalSection(ExtensibilityGlobals) = postSolution
		SolutionGuid = {0C37E8A4-BE5F-4D80-95E4-359E203325A4}
	EndGlobalSection
EndGlobal
